// !$*UTF8*$!
{
	archiveVersion = 1;
	classes = {
	};
	objectVersion = 77;
	objects = {

/* Begin PBXBuildFile section */
		481C4B882EAD75510077B606 /* FirebaseCore in Frameworks */ = {isa = PBXBuildFile; productRef = 481C4B872EAD75510077B606 /* FirebaseCore */; };
		481C4B8A2EAD75510077B606 /* FirebaseFirestore in Frameworks */ = {isa = PBXBuildFile; productRef = 481C4B892EAD75510077B606 /* FirebaseFirestore */; };
		481C4B8C2EAD75510077B606 /* FirebaseStorage in Frameworks */ = {isa = PBXBuildFile; productRef = 481C4B8B2EAD75510077B606 /* FirebaseStorage */; };
/* End PBXBuildFile section */

/* Begin PBXContainerItemProxy section */
		48AF87E22EACB4E300F9E7E6 /* PBXContainerItemProxy */ = {
			isa = PBXContainerItemProxy;
			containerPortal = 48AF87CC2EACB4DE00F9E7E6 /* Project object */;
			proxyType = 1;
			remoteGlobalIDString = 48AF87D32EACB4DE00F9E7E6;
			remoteInfo = TravelVerse;
		};
		48AF87EC2EACB4E300F9E7E6 /* PBXContainerItemProxy */ = {
			isa = PBXContainerItemProxy;
			containerPortal = 48AF87CC2EACB4DE00F9E7E6 /* Project object */;
			proxyType = 1;
			remoteGlobalIDString = 48AF87D32EACB4DE00F9E7E6;
			remoteInfo = TravelVerse;
		};
/* End PBXContainerItemProxy section */

/* Begin PBXFileReference section */
		48AF87D42EACB4DE00F9E7E6 /* TravelVerse.app */ = {isa = PBXFileReference; explicitFileType = wrapper.application; includeInIndex = 0; path = TravelVerse.app; sourceTree = BUILT_PRODUCTS_DIR; };
		48AF87E12EACB4E300F9E7E6 /* TravelVerseTests.xctest */ = {isa = PBXFileReference; explicitFileType = wrapper.cfbundle; includeInIndex = 0; path = TravelVerseTests.xctest; sourceTree = BUILT_PRODUCTS_DIR; };
		48AF87EB2EACB4E300F9E7E6 /* TravelVerseUITests.xctest */ = {isa = PBXFileReference; explicitFileType = wrapper.cfbundle; includeInIndex = 0; path = TravelVerseUITests.xctest; sourceTree = BUILT_PRODUCTS_DIR; };
/* End PBXFileReference section */

/* Begin PBXFileSystemSynchronizedRootGroup section */
		48AF87D62EACB4DE00F9E7E6 /* TravelVerse */ = {
			isa = PBXFileSystemSynchronizedRootGroup;
			path = TravelVerse;
			sourceTree = "<group>";
		};
		48AF87E42EACB4E300F9E7E6 /* TravelVerseTests */ = {
			isa = PBXFileSystemSynchronizedRootGroup;
			path = TravelVerseTests;
			sourceTree = "<group>";
		};
		48AF87EE2EACB4E300F9E7E6 /* TravelVerseUITests */ = {
			isa = PBXFileSystemSynchronizedRootGroup;
			path = TravelVerseUITests;
			sourceTree = "<group>";
		};
/* End PBXFileSystemSynchronizedRootGroup section */

/* Begin PBXFrameworksBuildPhase section */
		48AF87D12EACB4DE00F9E7E6 /* Frameworks */ = {
			isa = PBXFrameworksBuildPhase;
			buildActionMask = 2147483647;
			files = (
				481C4B882EAD75510077B606 /* FirebaseCore in Frameworks */,
				481C4B8A2EAD75510077B606 /* FirebaseFirestore in Frameworks */,
				481C4B8C2EAD75510077B606 /* FirebaseStorage in Frameworks */,
			);
			runOnlyForDeploymentPostprocessing = 0;
		};
		48AF87DE2EACB4E300F9E7E6 /* Frameworks */ = {
			isa = PBXFrameworksBuildPhase;
			buildActionMask = 2147483647;
			files = (
			);
			runOnlyForDeploymentPostprocessing = 0;
		};
		48AF87E82EACB4E300F9E7E6 /* Frameworks */ = {
			isa = PBXFrameworksBuildPhase;
			buildActionMask = 2147483647;
			files = (
			);
			runOnlyForDeploymentPostprocessing = 0;
		};
/* End PBXFrameworksBuildPhase section */

/* Begin PBXGroup section */
		484B5B4D2EAD638300961535 /* Frameworks */ = {
			isa = PBXGroup;
			children = (
			);
			name = Frameworks;
			sourceTree = "<group>";
		};
		48AF87CB2EACB4DE00F9E7E6 = {
			isa = PBXGroup;
			children = (
				48AF87D62EACB4DE00F9E7E6 /* TravelVerse */,
				48AF87E42EACB4E300F9E7E6 /* TravelVerseTests */,
				48AF87EE2EACB4E300F9E7E6 /* TravelVerseUITests */,
				484B5B4D2EAD638300961535 /* Frameworks */,
				48AF87D52EACB4DE00F9E7E6 /* Products */,
			);
			sourceTree = "<group>";
		};
		48AF87D52EACB4DE00F9E7E6 /* Products */ = {
			isa = PBXGroup;
			children = (
				48AF87D42EACB4DE00F9E7E6 /* TravelVerse.app */,
				48AF87E12EACB4E300F9E7E6 /* TravelVerseTests.xctest */,
				48AF87EB2EACB4E300F9E7E6 /* TravelVerseUITests.xctest */,
			);
			name = Products;
			sourceTree = "<group>";
		};
/* End PBXGroup section */

/* Begin PBXNativeTarget section */
		48AF87D32EACB4DE00F9E7E6 /* TravelVerse */ = {
			isa = PBXNativeTarget;
			buildConfigurationList = 48AF87F52EACB4E300F9E7E6 /* Build configuration list for PBXNativeTarget "TravelVerse" */;
			buildPhases = (
				48AF87D02EACB4DE00F9E7E6 /* Sources */,
				48AF87D12EACB4DE00F9E7E6 /* Frameworks */,
				48AF87D22EACB4DE00F9E7E6 /* Resources */,
			);
			buildRules = (
			);
			dependencies = (
			);
			fileSystemSynchronizedGroups = (
				48AF87D62EACB4DE00F9E7E6 /* TravelVerse */,
			);
			name = TravelVerse;
			packageProductDependencies = (
				481C4B872EAD75510077B606 /* FirebaseCore */,
				481C4B892EAD75510077B606 /* FirebaseFirestore */,
				481C4B8B2EAD75510077B606 /* FirebaseStorage */,
			);
			productName = TravelVerse;
			productReference = 48AF87D42EACB4DE00F9E7E6 /* TravelVerse.app */;
			productType = "com.apple.product-type.application";
		};
		48AF87E02EACB4E300F9E7E6 /* TravelVerseTests */ = {
			isa = PBXNativeTarget;
			buildConfigurationList = 48AF87F82EACB4E300F9E7E6 /* Build configuration list for PBXNativeTarget "TravelVerseTests" */;
			buildPhases = (
				48AF87DD2EACB4E300F9E7E6 /* Sources */,
				48AF87DE2EACB4E300F9E7E6 /* Frameworks */,
				48AF87DF2EACB4E300F9E7E6 /* Resources */,
			);
			buildRules = (
			);
			dependencies = (
				48AF87E32EACB4E300F9E7E6 /* PBXTargetDependency */,
			);
			fileSystemSynchronizedGroups = (
				48AF87E42EACB4E300F9E7E6 /* TravelVerseTests */,
			);
			name = TravelVerseTests;
			packageProductDependencies = (
			);
			productName = TravelVerseTests;
			productReference = 48AF87E12EACB4E300F9E7E6 /* TravelVerseTests.xctest */;
			productType = "com.apple.product-type.bundle.unit-test";
		};
		48AF87EA2EACB4E300F9E7E6 /* TravelVerseUITests */ = {
			isa = PBXNativeTarget;
			buildConfigurationList = 48AF87FB2EACB4E300F9E7E6 /* Build configuration list for PBXNativeTarget "TravelVerseUITests" */;
			buildPhases = (
				48AF87E72EACB4E300F9E7E6 /* Sources */,
				48AF87E82EACB4E300F9E7E6 /* Frameworks */,
				48AF87E92EACB4E300F9E7E6 /* Resources */,
			);
			buildRules = (
			);
			dependencies = (
				48AF87ED2EACB4E300F9E7E6 /* PBXTargetDependency */,
			);
			fileSystemSynchronizedGroups = (
				48AF87EE2EACB4E300F9E7E6 /* TravelVerseUITests */,
			);
			name = TravelVerseUITests;
			packageProductDependencies = (
			);
			productName = TravelVerseUITests;
			productReference = 48AF87EB2EACB4E300F9E7E6 /* TravelVerseUITests.xctest */;
			productType = "com.apple.product-type.bundle.ui-testing";
		};
/* End PBXNativeTarget section */

/* Begin PBXProject section */
		48AF87CC2EACB4DE00F9E7E6 /* Project object */ = {
			isa = PBXProject;
			attributes = {
				BuildIndependentTargetsInParallel = 1;
				LastSwiftUpdateCheck = 2600;
				LastUpgradeCheck = 2600;
				TargetAttributes = {
					48AF87D32EACB4DE00F9E7E6 = {
						CreatedOnToolsVersion = 26.0.1;
					};
					48AF87E02EACB4E300F9E7E6 = {
						CreatedOnToolsVersion = 26.0.1;
						TestTargetID = 48AF87D32EACB4DE00F9E7E6;
					};
					48AF87EA2EACB4E300F9E7E6 = {
						CreatedOnToolsVersion = 26.0.1;
						TestTargetID = 48AF87D32EACB4DE00F9E7E6;
					};
				};
			};
			buildConfigurationList = 48AF87CF2EACB4DE00F9E7E6 /* Build configuration list for PBXProject "TravelVerse" */;
			developmentRegion = en;
			hasScannedForEncodings = 0;
			knownRegions = (
				en,
				Base,
			);
			mainGroup = 48AF87CB2EACB4DE00F9E7E6;
			minimizedProjectReferenceProxies = 1;
			packageReferences = (
				4845A9672EAD4C100036A272 /* XCRemoteSwiftPackageReference "firebase-ios-sdk" */,
			);
			preferredProjectObjectVersion = 77;
			productRefGroup = 48AF87D52EACB4DE00F9E7E6 /* Products */;
			projectDirPath = "";
			projectRoot = "";
			targets = (
				48AF87D32EACB4DE00F9E7E6 /* TravelVerse */,
				48AF87E02EACB4E300F9E7E6 /* TravelVerseTests */,
				48AF87EA2EACB4E300F9E7E6 /* TravelVerseUITests */,
			);
		};
/* End PBXProject section */

/* Begin PBXResourcesBuildPhase section */
		48AF87D22EACB4DE00F9E7E6 /* Resources */ = {
			isa = PBXResourcesBuildPhase;
			buildActionMask = 2147483647;
			files = (
			);
			runOnlyForDeploymentPostprocessing = 0;
		};
		48AF87DF2EACB4E300F9E7E6 /* Resources */ = {
			isa = PBXResourcesBuildPhase;
			buildActionMask = 2147483647;
			files = (
			);
			runOnlyForDeploymentPostprocessing = 0;
		};
		48AF87E92EACB4E300F9E7E6 /* Resources */ = {
			isa = PBXResourcesBuildPhase;
			buildActionMask = 2147483647;
			files = (
			);
			runOnlyForDeploymentPostprocessing = 0;
		};
/* End PBXResourcesBuildPhase section */

/* Begin PBXSourcesBuildPhase section */
		48AF87D02EACB4DE00F9E7E6 /* Sources */ = {
			isa = PBXSourcesBuildPhase;
			buildActionMask = 2147483647;
			files = (
			);
			runOnlyForDeploymentPostprocessing = 0;
		};
		48AF87DD2EACB4E300F9E7E6 /* Sources */ = {
			isa = PBXSourcesBuildPhase;
			buildActionMask = 2147483647;
			files = (
			);
			runOnlyForDeploymentPostprocessing = 0;
		};
		48AF87E72EACB4E300F9E7E6 /* Sources */ = {
			isa = PBXSourcesBuildPhase;
			buildActionMask = 2147483647;
			files = (
			);
			runOnlyForDeploymentPostprocessing = 0;
		};
/* End PBXSourcesBuildPhase section */

/* Begin PBXTargetDependency section */
		48AF87E32EACB4E300F9E7E6 /* PBXTargetDependency */ = {
			isa = PBXTargetDependency;
			target = 48AF87D32EACB4DE00F9E7E6 /* TravelVerse */;
			targetProxy = 48AF87E22EACB4E300F9E7E6 /* PBXContainerItemProxy */;
		};
		48AF87ED2EACB4E300F9E7E6 /* PBXTargetDependency */ = {
			isa = PBXTargetDependency;
			target = 48AF87D32EACB4DE00F9E7E6 /* TravelVerse */;
			targetProxy = 48AF87EC2EACB4E300F9E7E6 /* PBXContainerItemProxy */;
		};
/* End PBXTargetDependency section */

/* Begin XCBuildConfiguration section */
		48AF87F32EACB4E300F9E7E6 /* Debug */ = {
			isa = XCBuildConfiguration;
			buildSettings = {
				ALWAYS_SEARCH_USER_PATHS = NO;
				ASSETCATALOG_COMPILER_GENERATE_SWIFT_ASSET_SYMBOL_EXTENSIONS = YES;
				CLANG_ANALYZER_NONNULL = YES;
				CLANG_ANALYZER_NUMBER_OBJECT_CONVERSION = YES_AGGRESSIVE;
				CLANG_CXX_LANGUAGE_STANDARD = "gnu++20";
				CLANG_ENABLE_MODULES = YES;
				CLANG_ENABLE_OBJC_ARC = YES;
				CLANG_ENABLE_OBJC_WEAK = YES;
				CLANG_WARN_BLOCK_CAPTURE_AUTORELEASING = YES;
				CLANG_WARN_BOOL_CONVERSION = YES;
				CLANG_WARN_COMMA = YES;
				CLANG_WARN_CONSTANT_CONVERSION = YES;
				CLANG_WARN_DEPRECATED_OBJC_IMPLEMENTATIONS = YES;
				CLANG_WARN_DIRECT_OBJC_ISA_USAGE = YES_ERROR;
				CLANG_WARN_DOCUMENTATION_COMMENTS = YES;
				CLANG_WARN_EMPTY_BODY = YES;
				CLANG_WARN_ENUM_CONVERSION = YES;
				CLANG_WARN_INFINITE_RECURSION = YES;
				CLANG_WARN_INT_CONVERSION = YES;
				CLANG_WARN_NON_LITERAL_NULL_CONVERSION = YES;
				CLANG_WARN_OBJC_IMPLICIT_RETAIN_SELF = YES;
				CLANG_WARN_OBJC_LITERAL_CONVERSION = YES;
				CLANG_WARN_OBJC_ROOT_CLASS = YES_ERROR;
				CLANG_WARN_QUOTED_INCLUDE_IN_FRAMEWORK_HEADER = YES;
				CLANG_WARN_RANGE_LOOP_ANALYSIS = YES;
				CLANG_WARN_STRICT_PROTOTYPES = YES;
				CLANG_WARN_SUSPICIOUS_MOVE = YES;
				CLANG_WARN_UNGUARDED_AVAILABILITY = YES_AGGRESSIVE;
				CLANG_WARN_UNREACHABLE_CODE = YES;
				CLANG_WARN__DUPLICATE_METHOD_MATCH = YES;
				COPY_PHASE_STRIP = NO;
				DEBUG_INFORMATION_FORMAT = dwarf;
				DEVELOPMENT_TEAM = XXKQ569WXA;
				ENABLE_STRICT_OBJC_MSGSEND = YES;
				ENABLE_TESTABILITY = YES;
				ENABLE_USER_SCRIPT_SANDBOXING = YES;
				GCC_C_LANGUAGE_STANDARD = gnu17;
				GCC_DYNAMIC_NO_PIC = NO;
				GCC_NO_COMMON_BLOCKS = YES;
				GCC_OPTIMIZATION_LEVEL = 0;
				GCC_PREPROCESSOR_DEFINITIONS = (
					"DEBUG=1",
					"$(inherited)",
				);
				GCC_WARN_64_TO_32_BIT_CONVERSION = YES;
				GCC_WARN_ABOUT_RETURN_TYPE = YES_ERROR;
				GCC_WARN_UNDECLARED_SELECTOR = YES;
				GCC_WARN_UNINITIALIZED_AUTOS = YES_AGGRESSIVE;
				GCC_WARN_UNUSED_FUNCTION = YES;
				GCC_WARN_UNUSED_VARIABLE = YES;
				LOCALIZATION_PREFERS_STRING_CATALOGS = YES;
				MTL_ENABLE_DEBUG_INFO = INCLUDE_SOURCE;
				MTL_FAST_MATH = YES;
				ONLY_ACTIVE_ARCH = YES;
				SWIFT_ACTIVE_COMPILATION_CONDITIONS = "DEBUG $(inherited)";
				SWIFT_OPTIMIZATION_LEVEL = "-Onone";
			};
			name = Debug;
		};
		48AF87F42EACB4E300F9E7E6 /* Release */ = {
			isa = XCBuildConfiguration;
			buildSettings = {
				ALWAYS_SEARCH_USER_PATHS = NO;
				ASSETCATALOG_COMPILER_GENERATE_SWIFT_ASSET_SYMBOL_EXTENSIONS = YES;
				CLANG_ANALYZER_NONNULL = YES;
				CLANG_ANALYZER_NUMBER_OBJECT_CONVERSION = YES_AGGRESSIVE;
				CLANG_CXX_LANGUAGE_STANDARD = "gnu++20";
				CLANG_ENABLE_MODULES = YES;
				CLANG_ENABLE_OBJC_ARC = YES;
				CLANG_ENABLE_OBJC_WEAK = YES;
				CLANG_WARN_BLOCK_CAPTURE_AUTORELEASING = YES;
				CLANG_WARN_BOOL_CONVERSION = YES;
				CLANG_WARN_COMMA = YES;
				CLANG_WARN_CONSTANT_CONVERSION = YES;
				CLANG_WARN_DEPRECATED_OBJC_IMPLEMENTATIONS = YES;
				CLANG_WARN_DIRECT_OBJC_ISA_USAGE = YES_ERROR;
				CLANG_WARN_DOCUMENTATION_COMMENTS = YES;
				CLANG_WARN_EMPTY_BODY = YES;
				CLANG_WARN_ENUM_CONVERSION = YES;
				CLANG_WARN_INFINITE_RECURSION = YES;
				CLANG_WARN_INT_CONVERSION = YES;
				CLANG_WARN_NON_LITERAL_NULL_CONVERSION = YES;
				CLANG_WARN_OBJC_IMPLICIT_RETAIN_SELF = YES;
				CLANG_WARN_OBJC_LITERAL_CONVERSION = YES;
				CLANG_WARN_OBJC_ROOT_CLASS = YES_ERROR;
				CLANG_WARN_QUOTED_INCLUDE_IN_FRAMEWORK_HEADER = YES;
				CLANG_WARN_RANGE_LOOP_ANALYSIS = YES;
				CLANG_WARN_STRICT_PROTOTYPES = YES;
				CLANG_WARN_SUSPICIOUS_MOVE = YES;
				CLANG_WARN_UNGUARDED_AVAILABILITY = YES_AGGRESSIVE;
				CLANG_WARN_UNREACHABLE_CODE = YES;
				CLANG_WARN__DUPLICATE_METHOD_MATCH = YES;
				COPY_PHASE_STRIP = NO;
				DEBUG_INFORMATION_FORMAT = "dwarf-with-dsym";
				DEVELOPMENT_TEAM = XXKQ569WXA;
				ENABLE_NS_ASSERTIONS = NO;
				ENABLE_STRICT_OBJC_MSGSEND = YES;
				ENABLE_USER_SCRIPT_SANDBOXING = YES;
				GCC_C_LANGUAGE_STANDARD = gnu17;
				GCC_NO_COMMON_BLOCKS = YES;
				GCC_WARN_64_TO_32_BIT_CONVERSION = YES;
				GCC_WARN_ABOUT_RETURN_TYPE = YES_ERROR;
				GCC_WARN_UNDECLARED_SELECTOR = YES;
				GCC_WARN_UNINITIALIZED_AUTOS = YES_AGGRESSIVE;
				GCC_WARN_UNUSED_FUNCTION = YES;
				GCC_WARN_UNUSED_VARIABLE = YES;
				LOCALIZATION_PREFERS_STRING_CATALOGS = YES;
				MTL_ENABLE_DEBUG_INFO = NO;
				MTL_FAST_MATH = YES;
				SWIFT_COMPILATION_MODE = wholemodule;
			};
			name = Release;
		};
		48AF87F62EACB4E300F9E7E6 /* Debug */ = {
			isa = XCBuildConfiguration;
			buildSettings = {
				ASSETCATALOG_COMPILER_APPICON_NAME = AppIcon;
				ASSETCATALOG_COMPILER_GLOBAL_ACCENT_COLOR_NAME = AccentColor;
				CODE_SIGN_STYLE = Automatic;
				CURRENT_PROJECT_VERSION = 1;
				DEVELOPMENT_TEAM = XXKQ569WXA;
				ENABLE_APP_SANDBOX = YES;
				ENABLE_HARDENED_RUNTIME = YES;
				ENABLE_PREVIEWS = YES;
				ENABLE_USER_SELECTED_FILES = readonly;
				GENERATE_INFOPLIST_FILE = YES;
				INFOPLIST_KEY_NSCameraUsageDescription = "We need access to the camera to take travel photos";
				INFOPLIST_KEY_NSLocationWhenInUseUsageDescription = "We need your location information to record where the photo was taken";
				INFOPLIST_KEY_NSPhotoLibraryUsageDescription = "We need to access the album to select a photo";
				"INFOPLIST_KEY_UIApplicationSceneManifest_Generation[sdk=iphoneos*]" = YES;
				"INFOPLIST_KEY_UIApplicationSceneManifest_Generation[sdk=iphonesimulator*]" = YES;
				"INFOPLIST_KEY_UIApplicationSupportsIndirectInputEvents[sdk=iphoneos*]" = YES;
				"INFOPLIST_KEY_UIApplicationSupportsIndirectInputEvents[sdk=iphonesimulator*]" = YES;
				"INFOPLIST_KEY_UILaunchScreen_Generation[sdk=iphoneos*]" = YES;
				"INFOPLIST_KEY_UILaunchScreen_Generation[sdk=iphonesimulator*]" = YES;
				"INFOPLIST_KEY_UIStatusBarStyle[sdk=iphoneos*]" = UIStatusBarStyleDefault;
				"INFOPLIST_KEY_UIStatusBarStyle[sdk=iphonesimulator*]" = UIStatusBarStyleDefault;
				INFOPLIST_KEY_UISupportedInterfaceOrientations_iPad = "UIInterfaceOrientationPortrait UIInterfaceOrientationPortraitUpsideDown UIInterfaceOrientationLandscapeLeft UIInterfaceOrientationLandscapeRight";
				INFOPLIST_KEY_UISupportedInterfaceOrientations_iPhone = "UIInterfaceOrientationPortrait UIInterfaceOrientationPortrait UIInterfaceOrientationLandscapeLeft UIInterfaceOrientationLandscapeRight";
				IPHONEOS_DEPLOYMENT_TARGET = 17.6;
				LD_RUNPATH_SEARCH_PATHS = "@executable_path/Frameworks";
				"LD_RUNPATH_SEARCH_PATHS[sdk=macosx*]" = "@executable_path/../Frameworks";
				MARKETING_VERSION = 1.0;
				PRODUCT_BUNDLE_IDENTIFIER = com.TravelVerse;
				PRODUCT_NAME = "$(TARGET_NAME)";
				REGISTER_APP_GROUPS = YES;
				SDKROOT = auto;
				STRING_CATALOG_GENERATE_SYMBOLS = YES;
				SUPPORTED_PLATFORMS = "iphoneos iphonesimulator";
				SUPPORTS_MACCATALYST = NO;
				SWIFT_APPROACHABLE_CONCURRENCY = YES;
				SWIFT_DEFAULT_ACTOR_ISOLATION = MainActor;
				SWIFT_EMIT_LOC_STRINGS = YES;
				SWIFT_UPCOMING_FEATURE_MEMBER_IMPORT_VISIBILITY = YES;
				SWIFT_VERSION = 5.0;
				TARGETED_DEVICE_FAMILY = 1;
			};
			name = Debug;
		};
		48AF87F72EACB4E300F9E7E6 /* Release */ = {
			isa = XCBuildConfiguration;
			buildSettings = {
				ASSETCATALOG_COMPILER_APPICON_NAME = AppIcon;
				ASSETCATALOG_COMPILER_GLOBAL_ACCENT_COLOR_NAME = AccentColor;
				CODE_SIGN_STYLE = Automatic;
				CURRENT_PROJECT_VERSION = 1;
				DEVELOPMENT_TEAM = XXKQ569WXA;
				ENABLE_APP_SANDBOX = YES;
				ENABLE_HARDENED_RUNTIME = YES;
				ENABLE_PREVIEWS = YES;
				ENABLE_USER_SELECTED_FILES = readonly;
				GENERATE_INFOPLIST_FILE = YES;
				INFOPLIST_KEY_NSCameraUsageDescription = "We need access to the camera to take travel photos";
				INFOPLIST_KEY_NSLocationWhenInUseUsageDescription = "We need your location information to record where the photo was taken";
				INFOPLIST_KEY_NSPhotoLibraryUsageDescription = "We need to access the album to select a photo";
				"INFOPLIST_KEY_UIApplicationSceneManifest_Generation[sdk=iphoneos*]" = YES;
				"INFOPLIST_KEY_UIApplicationSceneManifest_Generation[sdk=iphonesimulator*]" = YES;
				"INFOPLIST_KEY_UIApplicationSupportsIndirectInputEvents[sdk=iphoneos*]" = YES;
				"INFOPLIST_KEY_UIApplicationSupportsIndirectInputEvents[sdk=iphonesimulator*]" = YES;
				"INFOPLIST_KEY_UILaunchScreen_Generation[sdk=iphoneos*]" = YES;
				"INFOPLIST_KEY_UILaunchScreen_Generation[sdk=iphonesimulator*]" = YES;
				"INFOPLIST_KEY_UIStatusBarStyle[sdk=iphoneos*]" = UIStatusBarStyleDefault;
				"INFOPLIST_KEY_UIStatusBarStyle[sdk=iphonesimulator*]" = UIStatusBarStyleDefault;
				INFOPLIST_KEY_UISupportedInterfaceOrientations_iPad = "UIInterfaceOrientationPortrait UIInterfaceOrientationPortraitUpsideDown UIInterfaceOrientationLandscapeLeft UIInterfaceOrientationLandscapeRight";
				INFOPLIST_KEY_UISupportedInterfaceOrientations_iPhone = "UIInterfaceOrientationPortrait UIInterfaceOrientationPortrait UIInterfaceOrientationLandscapeLeft UIInterfaceOrientationLandscapeRight";
				IPHONEOS_DEPLOYMENT_TARGET = 17.6;
				LD_RUNPATH_SEARCH_PATHS = "@executable_path/Frameworks";
				"LD_RUNPATH_SEARCH_PATHS[sdk=macosx*]" = "@executable_path/../Frameworks";
				MARKETING_VERSION = 1.0;
				PRODUCT_BUNDLE_IDENTIFIER = com.TravelVerse;
				PRODUCT_NAME = "$(TARGET_NAME)";
				REGISTER_APP_GROUPS = YES;
				SDKROOT = auto;
				STRING_CATALOG_GENERATE_SYMBOLS = YES;
				SUPPORTED_PLATFORMS = "iphoneos iphonesimulator";
				SUPPORTS_MACCATALYST = NO;
				SWIFT_APPROACHABLE_CONCURRENCY = YES;
				SWIFT_DEFAULT_ACTOR_ISOLATION = MainActor;
				SWIFT_EMIT_LOC_STRINGS = YES;
				SWIFT_UPCOMING_FEATURE_MEMBER_IMPORT_VISIBILITY = YES;
				SWIFT_VERSION = 5.0;
				TARGETED_DEVICE_FAMILY = 1;
			};
			name = Release;
		};
		48AF87F92EACB4E300F9E7E6 /* Debug */ = {
			isa = XCBuildConfiguration;
			buildSettings = {
				BUNDLE_LOADER = "$(TEST_HOST)";
				CODE_SIGN_STYLE = Automatic;
				CURRENT_PROJECT_VERSION = 1;
				DEVELOPMENT_TEAM = XXKQ569WXA;
				GENERATE_INFOPLIST_FILE = YES;
				IPHONEOS_DEPLOYMENT_TARGET = 26.0;
				MACOSX_DEPLOYMENT_TARGET = 26.0;
				MARKETING_VERSION = 1.0;
				PRODUCT_BUNDLE_IDENTIFIER = com.TravelVerseTests;
				PRODUCT_NAME = "$(TARGET_NAME)";
				SDKROOT = auto;
				STRING_CATALOG_GENERATE_SYMBOLS = NO;
				SUPPORTED_PLATFORMS = "iphoneos iphonesimulator";
				SUPPORTS_MACCATALYST = NO;
				SWIFT_APPROACHABLE_CONCURRENCY = YES;
				SWIFT_EMIT_LOC_STRINGS = NO;
				SWIFT_UPCOMING_FEATURE_MEMBER_IMPORT_VISIBILITY = YES;
				SWIFT_VERSION = 5.0;
				TARGETED_DEVICE_FAMILY = 1;
				TEST_HOST = "$(BUILT_PRODUCTS_DIR)/TravelVerse.app/$(BUNDLE_EXECUTABLE_FOLDER_PATH)/TravelVerse";
				XROS_DEPLOYMENT_TARGET = 26.0;
			};
			name = Debug;
		};
		48AF87FA2EACB4E300F9E7E6 /* Release */ = {
			isa = XCBuildConfiguration;
			buildSettings = {
				BUNDLE_LOADER = "$(TEST_HOST)";
				CODE_SIGN_STYLE = Automatic;
				CURRENT_PROJECT_VERSION = 1;
				DEVELOPMENT_TEAM = XXKQ569WXA;
				GENERATE_INFOPLIST_FILE = YES;
				IPHONEOS_DEPLOYMENT_TARGET = 26.0;
				MACOSX_DEPLOYMENT_TARGET = 26.0;
				MARKETING_VERSION = 1.0;
				PRODUCT_BUNDLE_IDENTIFIER = com.TravelVerseTests;
				PRODUCT_NAME = "$(TARGET_NAME)";
				SDKROOT = auto;
				STRING_CATALOG_GENERATE_SYMBOLS = NO;
				SUPPORTED_PLATFORMS = "iphoneos iphonesimulator";
				SUPPORTS_MACCATALYST = NO;
				SWIFT_APPROACHABLE_CONCURRENCY = YES;
				SWIFT_EMIT_LOC_STRINGS = NO;
				SWIFT_UPCOMING_FEATURE_MEMBER_IMPORT_VISIBILITY = YES;
				SWIFT_VERSION = 5.0;
				TARGETED_DEVICE_FAMILY = 1;
				TEST_HOST = "$(BUILT_PRODUCTS_DIR)/TravelVerse.app/$(BUNDLE_EXECUTABLE_FOLDER_PATH)/TravelVerse";
				XROS_DEPLOYMENT_TARGET = 26.0;
			};
			name = Release;
		};
		48AF87FC2EACB4E300F9E7E6 /* Debug */ = {
			isa = XCBuildConfiguration;
			buildSettings = {
				CODE_SIGN_STYLE = Automatic;
				CURRENT_PROJECT_VERSION = 1;
				DEVELOPMENT_TEAM = XXKQ569WXA;
				GENERATE_INFOPLIST_FILE = YES;
				IPHONEOS_DEPLOYMENT_TARGET = 26.0;
				MACOSX_DEPLOYMENT_TARGET = 26.0;
				MARKETING_VERSION = 1.0;
				PRODUCT_BUNDLE_IDENTIFIER = com.TravelVerseUITests;
				PRODUCT_NAME = "$(TARGET_NAME)";
				SDKROOT = auto;
				STRING_CATALOG_GENERATE_SYMBOLS = NO;
				SUPPORTED_PLATFORMS = "iphoneos iphonesimulator";
				SUPPORTS_MACCATALYST = NO;
				SWIFT_APPROACHABLE_CONCURRENCY = YES;
				SWIFT_EMIT_LOC_STRINGS = NO;
				SWIFT_UPCOMING_FEATURE_MEMBER_IMPORT_VISIBILITY = YES;
				SWIFT_VERSION = 5.0;
				TARGETED_DEVICE_FAMILY = 1;
				TEST_TARGET_NAME = TravelVerse;
				XROS_DEPLOYMENT_TARGET = 26.0;
			};
			name = Debug;
		};
		48AF87FD2EACB4E300F9E7E6 /* Release */ = {
			isa = XCBuildConfiguration;
			buildSettings = {
				CODE_SIGN_STYLE = Automatic;
				CURRENT_PROJECT_VERSION = 1;
				DEVELOPMENT_TEAM = XXKQ569WXA;
				GENERATE_INFOPLIST_FILE = YES;
				IPHONEOS_DEPLOYMENT_TARGET = 26.0;
				MACOSX_DEPLOYMENT_TARGET = 26.0;
				MARKETING_VERSION = 1.0;
				PRODUCT_BUNDLE_IDENTIFIER = com.TravelVerseUITests;
				PRODUCT_NAME = "$(TARGET_NAME)";
				SDKROOT = auto;
				STRING_CATALOG_GENERATE_SYMBOLS = NO;
				SUPPORTED_PLATFORMS = "iphoneos iphonesimulator";
				SUPPORTS_MACCATALYST = NO;
				SWIFT_APPROACHABLE_CONCURRENCY = YES;
				SWIFT_EMIT_LOC_STRINGS = NO;
				SWIFT_UPCOMING_FEATURE_MEMBER_IMPORT_VISIBILITY = YES;
				SWIFT_VERSION = 5.0;
				TARGETED_DEVICE_FAMILY = 1;
				TEST_TARGET_NAME = TravelVerse;
				XROS_DEPLOYMENT_TARGET = 26.0;
			};
			name = Release;
		};
/* End XCBuildConfiguration section */

/* Begin XCConfigurationList section */
		48AF87CF2EACB4DE00F9E7E6 /* Build configuration list for PBXProject "TravelVerse" */ = {
			isa = XCConfigurationList;
			buildConfigurations = (
				48AF87F32EACB4E300F9E7E6 /* Debug */,
				48AF87F42EACB4E300F9E7E6 /* Release */,
			);
			defaultConfigurationIsVisible = 0;
			defaultConfigurationName = Release;
		};
		48AF87F52EACB4E300F9E7E6 /* Build configuration list for PBXNativeTarget "TravelVerse" */ = {
			isa = XCConfigurationList;
			buildConfigurations = (
				48AF87F62EACB4E300F9E7E6 /* Debug */,
				48AF87F72EACB4E300F9E7E6 /* Release */,
			);
			defaultConfigurationIsVisible = 0;
			defaultConfigurationName = Release;
		};
		48AF87F82EACB4E300F9E7E6 /* Build configuration list for PBXNativeTarget "TravelVerseTests" */ = {
			isa = XCConfigurationList;
			buildConfigurations = (
				48AF87F92EACB4E300F9E7E6 /* Debug */,
				48AF87FA2EACB4E300F9E7E6 /* Release */,
			);
			defaultConfigurationIsVisible = 0;
			defaultConfigurationName = Release;
		};
		48AF87FB2EACB4E300F9E7E6 /* Build configuration list for PBXNativeTarget "TravelVerseUITests" */ = {
			isa = XCConfigurationList;
			buildConfigurations = (
				48AF87FC2EACB4E300F9E7E6 /* Debug */,
				48AF87FD2EACB4E300F9E7E6 /* Release */,
			);
			defaultConfigurationIsVisible = 0;
			defaultConfigurationName = Release;
		};
/* End XCConfigurationList section */

/* Begin XCRemoteSwiftPackageReference section */
		4845A9672EAD4C100036A272 /* XCRemoteSwiftPackageReference "firebase-ios-sdk" */ = {
			isa = XCRemoteSwiftPackageReference;
			repositoryURL = "https://github.com/firebase/firebase-ios-sdk.git";
			requirement = {
				kind = upToNextMajorVersion;
				minimumVersion = 12.4.0;
			};
		};
/* End XCRemoteSwiftPackageReference section */

/* Begin XCSwiftPackageProductDependency section */
		481C4B872EAD75510077B606 /* FirebaseCore */ = {
			isa = XCSwiftPackageProductDependency;
			package = 4845A9672EAD4C100036A272 /* XCRemoteSwiftPackageReference "firebase-ios-sdk" */;
			productName = FirebaseCore;
		};
		481C4B892EAD75510077B606 /* FirebaseFirestore */ = {
			isa = XCSwiftPackageProductDependency;
			package = 4845A9672EAD4C100036A272 /* XCRemoteSwiftPackageReference "firebase-ios-sdk" */;
			productName = FirebaseFirestore;
		};
		481C4B8B2EAD75510077B606 /* FirebaseStorage */ = {
			isa = XCSwiftPackageProductDependency;
			package = 4845A9672EAD4C100036A272 /* XCRemoteSwiftPackageReference "firebase-ios-sdk" */;
			productName = FirebaseStorage;
		};
/* End XCSwiftPackageProductDependency section */
	};
	rootObject = 48AF87CC2EACB4DE00F9E7E6 /* Project object */;
}
